
Microsoft Visual Studio Solution File, Format Version 12.00
# Visual Studio Version 16
VisualStudioVersion = 16.0.30523.141
MinimumVisualStudioVersion = 10.0.40219.1
Project("{FAE04EC0-301F-11D3-BF4B-00C04F79EFBC}") = "DeeSynk", "DeeSynk\DeeSynk.csproj", "{DF16D68C-4A5B-4620-8B56-AD35A19E434F}"
EndProject
Global
	GlobalSection(SolutionConfigurationPlatforms) = preSolution
		Debug|Any CPU = Debug|Any CPU
		Release|Any CPU = Release|Any CPU
	EndGlobalSection
	GlobalSection(ProjectConfigurationPlatforms) = postSolution
		{DF16D68C-4A5B-4620-8B56-AD35A19E434F}.Debug|Any CPU.ActiveCfg = Debug|Any CPU
		{DF16D68C-4A5B-4620-8B56-AD35A19E434F}.Debug|Any CPU.Build.0 = Debug|Any CPU
		{DF16D68C-4A5B-4620-8B56-AD35A19E434F}.Release|Any CPU.ActiveCfg = Release|Any CPU
		{DF16D68C-4A5B-4620-8B56-AD35A19E434F}.Release|Any CPU.Build.0 = Release|Any CPU
	EndGlobalSection
	GlobalSection(SolutionProperties) = preSolution
		HideSolutionNode = FALSE
	EndGlobalSection
	GlobalSection(ExtensibilityGlobals) = postSolution
		SolutionGuid = {B93649B0-0F64-457B-8126-5614CE42BA3D}
	EndGlobalSection
EndGlobal
